
Microsoft Visual Studio Solution File, Format Version 12.00
# Visual Studio Version 16
VisualStudioVersion = 16.0.31729.503
MinimumVisualStudioVersion = 10.0.40219.1
Project("{FAE04EC0-301F-11D3-BF4B-00C04F79EFBC}") = "KioskAccessToAzure", "KioskAccessToAzure\KioskAccessToAzure.csproj", "{BDD68402-1786-4487-8580-A865CCD8175E}"
EndProject
Global
	GlobalSection(SolutionConfigurationPlatforms) = preSolution
		Debug|Any CPU = Debug|Any CPU
		Release|Any CPU = Release|Any CPU
	EndGlobalSection
	GlobalSection(ProjectConfigurationPlatforms) = postSolution
		{BDD68402-1786-4487-8580-A865CCD8175E}.Debug|Any CPU.ActiveCfg = Debug|Any CPU
		{BDD68402-1786-4487-8580-A865CCD8175E}.Debug|Any CPU.Build.0 = Debug|Any CPU
		{BDD68402-1786-4487-8580-A865CCD8175E}.Release|Any CPU.ActiveCfg = Release|Any CPU
		{BDD68402-1786-4487-8580-A865CCD8175E}.Release|Any CPU.Build.0 = Release|Any CPU
	EndGlobalSection
	GlobalSection(SolutionProperties) = preSolution
		HideSolutionNode = FALSE
	EndGlobalSection
	GlobalSection(ExtensibilityGlobals) = postSolution
		SolutionGuid = {3B8C2018-B0B3-40A5-BB70-32CBCA1583EA}
	EndGlobalSection
EndGlobal
